<?xml version="1.0" encoding="UTF-8"?>
<Scheme
   LastUpgradeVersion = "1020"
   version = "1.3">
   <BuildAction
      parallelizeBuildables = "YES"
      buildImplicitDependencies = "YES">
      <BuildActionEntries>
         <BuildActionEntry
            buildForTesting = "YES"
            buildForRunning = "YES"
            buildForProfiling = "YES"
            buildForArchiving = "YES"
            buildForAnalyzing = "YES">
            <BuildableReference
               BuildableIdentifier = "primary"
               BlueprintIdentifier = "233BDE9B204FEFE500C06732"
               BuildableName = "ownCloud.app"
               BlueprintName = "ownCloud"
               ReferencedContainer = "container:ownCloud.xcodeproj">
            </BuildableReference>
         </BuildActionEntry>
      </BuildActionEntries>
   </BuildAction>
   <TestAction
      buildConfiguration = "Debug"
      selectedDebuggerIdentifier = "Xcode.DebuggerFoundation.Debugger.LLDB"
      selectedLauncherIdentifier = "Xcode.DebuggerFoundation.Launcher.LLDB"
      shouldUseLaunchSchemeArgsEnv = "NO"
      codeCoverageEnabled = "YES">
      <MacroExpansion>
         <BuildableReference
            BuildableIdentifier = "primary"
            BlueprintIdentifier = "233BDE9B204FEFE500C06732"
            BuildableName = "ownCloud.app"
            BlueprintName = "ownCloud"
            ReferencedContainer = "container:ownCloud.xcodeproj">
         </BuildableReference>
      </MacroExpansion>
      <EnvironmentVariables>
         <EnvironmentVariable
            key = "oc:app.show-beta-warning"
            value = "false"
            isEnabled = "YES">
         </EnvironmentVariable>
         <EnvironmentVariable
            key = "oc:log.log-level"
            value = "0"
            isEnabled = "YES">
         </EnvironmentVariable>
      </EnvironmentVariables>
      <AdditionalOptions>
         <AdditionalOption
            key = "MallocStackLogging"
            value = ""
            isEnabled = "YES">
         </AdditionalOption>
         <AdditionalOption
            key = "PrefersMallocStackLoggingLite"
            value = ""
            isEnabled = "YES">
         </AdditionalOption>
      </AdditionalOptions>
      <Testables>
         <TestableReference
            skipped = "NO">
            <BuildableReference
               BuildableIdentifier = "primary"
               BlueprintIdentifier = "233BDEAF204FEFE500C06732"
               BuildableName = "ownCloudTests.xctest"
               BlueprintName = "ownCloudTests"
               ReferencedContainer = "container:ownCloud.xcodeproj">
            </BuildableReference>
         </TestableReference>
         <TestableReference
            skipped = "NO">
            <BuildableReference
               BuildableIdentifier = "primary"
               BlueprintIdentifier = "59371D922241125700C6BC5B"
               BuildableName = "iosapp.xctest"
               BlueprintName = "iosapp"
               ReferencedContainer = "container:ownCloud.xcodeproj">
            </BuildableReference>
         </TestableReference>
         <TestableReference
            skipped = "NO">
            <BuildableReference
               BuildableIdentifier = "primary"
               BlueprintIdentifier = "59371DA02241126900C6BC5B"
               BuildableName = "ownCloud Screenshots Tests.xctest"
               BlueprintName = "ownCloud Screenshots Tests"
               ReferencedContainer = "container:ownCloud.xcodeproj">
            </BuildableReference>
         </TestableReference>
         <TestableReference
            skipped = "NO">
            <BuildableReference
               BuildableIdentifier = "primary"
               BlueprintIdentifier = "59056CA922414F3C00A18A22"
               BuildableName = "ownCloudScreenshotsTests.xctest"
               BlueprintName = "ownCloudScreenshotsTests"
               ReferencedContainer = "container:ownCloud.xcodeproj">
            </BuildableReference>
         </TestableReference>
         <TestableReference
            skipped = "NO">
            <BuildableReference
               BuildableIdentifier = "primary"
               BlueprintIdentifier = "DCC085632293F1FD008CC05C"
               BuildableName = "ownCloudAppTests.xctest"
               BlueprintName = "ownCloudAppTests"
               ReferencedContainer = "container:ownCloud.xcodeproj">
            </BuildableReference>
         </TestableReference>
      </Testables>
   </TestAction>
   <LaunchAction
      buildConfiguration = "Debug"
      selectedDebuggerIdentifier = "Xcode.DebuggerFoundation.Debugger.LLDB"
      selectedLauncherIdentifier = "Xcode.DebuggerFoundation.Launcher.LLDB"
      launchStyle = "0"
      useCustomWorkingDirectory = "NO"
      ignoresPersistentStateOnLaunch = "NO"
      debugDocumentVersioning = "YES"
      debugServiceExtension = "internal"
      allowLocationSimulation = "YES">
      <BuildableProductRunnable
         runnableDebuggingMode = "0">
         <BuildableReference
            BuildableIdentifier = "primary"
            BlueprintIdentifier = "233BDE9B204FEFE500C06732"
            BuildableName = "ownCloud.app"
            BlueprintName = "ownCloud"
            ReferencedContainer = "container:ownCloud.xcodeproj">
         </BuildableReference>
      </BuildableProductRunnable>
      <EnvironmentVariables>
         <EnvironmentVariable
            key = "CG_NUMERICS_SHOW_BACKTRACE"
            value = "1"
            isEnabled = "YES">
         </EnvironmentVariable>
         <EnvironmentVariable
            key = "oc:core.override-reachability-signal"
            value = "true"
            isEnabled = "NO">
         </EnvironmentVariable>
         <EnvironmentVariable
            key = "oc:core.override-availability-signal"
            value = "false"
            isEnabled = "NO">
         </EnvironmentVariable>
         <EnvironmentVariable
            key = "oc:app.show-beta-warning"
            value = "false"
            isEnabled = "NO">
         </EnvironmentVariable>
         <EnvironmentVariable
            key = "oc:app.is-beta-build"
            value = "true"
            isEnabled = "NO">
         </EnvironmentVariable>
         <EnvironmentVariable
            key = "oc:log.log-level"
            value = "0"
            isEnabled = "YES">
         </EnvironmentVariable>
         <EnvironmentVariable
            key = "oc:log.log-synchronous"
            value = "true"
            isEnabled = "NO">
         </EnvironmentVariable>
         <EnvironmentVariable
            key = "oc:log.log-only-tags"
            value = "[CORE]"
            isEnabled = "NO">
         </EnvironmentVariable>
         <EnvironmentVariable
            key = "oc:log.log-only-tags"
            value = "[Request,Response]"
            isEnabled = "NO">
         </EnvironmentVariable>
         <EnvironmentVariable
            key = "oc:log.log-omit-tags"
            value = "[Request,Response]"
            isEnabled = "NO">
         </EnvironmentVariable>
         <EnvironmentVariable
            key = "oc:log.log-blank-filtered-messages"
            value = "true"
            isEnabled = "NO">
         </EnvironmentVariable>
         <EnvironmentVariable
            key = "oc:connection.allow-background-url-sessions"
            value = "false"
            isEnabled = "NO">
         </EnvironmentVariable>
      </EnvironmentVariables>
      <AdditionalOptions>
         <AdditionalOption
            key = "MallocStackLogging"
            value = ""
            isEnabled = "YES">
         </AdditionalOption>
         <AdditionalOption
            key = "PrefersMallocStackLoggingLite"
            value = ""
            isEnabled = "YES">
         </AdditionalOption>
      </AdditionalOptions>
   </LaunchAction>
   <ProfileAction
      buildConfiguration = "Debug"
      shouldUseLaunchSchemeArgsEnv = "YES"
      savedToolIdentifier = ""
      useCustomWorkingDirectory = "NO"
      debugDocumentVersioning = "YES">
      <BuildableProductRunnable
         runnableDebuggingMode = "0">
         <BuildableReference
            BuildableIdentifier = "primary"
            BlueprintIdentifier = "233BDE9B204FEFE500C06732"
            BuildableName = "ownCloud.app"
            BlueprintName = "ownCloud"
            ReferencedContainer = "container:ownCloud.xcodeproj">
         </BuildableReference>
      </BuildableProductRunnable>
   </ProfileAction>
   <AnalyzeAction
      buildConfiguration = "Debug">
   </AnalyzeAction>
   <ArchiveAction
      buildConfiguration = "Release"
      revealArchiveInOrganizer = "YES">
   </ArchiveAction>
</Scheme>
